{
  "nodes": {
    "fenix": {
      "inputs": {
        "nixpkgs": [
          "starship-jj",
          "nixpkgs"
        ],
        "rust-analyzer-src": "rust-analyzer-src"
      },
      "locked": {
        "lastModified": 1744871941,
        "narHash": "sha256-IXnzOfow1I8S3X+TPU5pbZdWyCuHS9ANzmMfo9ogfWw=",
        "owner": "nix-community",
        "repo": "fenix",
        "rev": "7940f7a2f8b413b5c0fd56be7836f6cefd7391f2",
        "type": "github"
      },
      "original": {
        "owner": "nix-community",
        "repo": "fenix",
        "type": "github"
      }
    },
    "flake-utils": {
      "inputs": {
        "systems": [
          "systems"
        ]
      },
      "locked": {
        "lastModified": 1731533236,
        "narHash": "sha256-l0KFg5HjrsfsO/JpG+r7fRrqm12kzFHyUHqHCVpMMbI=",
        "owner": "numtide",
        "repo": "flake-utils",
        "rev": "11707dc2f618dd54ca8739b309ec4fc024de578b",
        "type": "github"
      },
      "original": {
        "owner": "numtide",
        "repo": "flake-utils",
        "type": "github"
      }
    },
    "flake-utils_2": {
      "inputs": {
        "systems": [
          "starship-jj",
          "systems"
        ]
      },
      "locked": {
        "lastModified": 1731533236,
        "narHash": "sha256-l0KFg5HjrsfsO/JpG+r7fRrqm12kzFHyUHqHCVpMMbI=",
        "owner": "numtide",
        "repo": "flake-utils",
        "rev": "11707dc2f618dd54ca8739b309ec4fc024de578b",
        "type": "github"
      },
      "original": {
        "owner": "numtide",
        "repo": "flake-utils",
        "type": "github"
      }
    },
    "home-manager": {
      "inputs": {
        "nixpkgs": [
          "nixpkgs"
        ]
      },
      "locked": {
        "lastModified": 1749154018,
        "narHash": "sha256-gjN3j7joRvT3a8Zgcylnd4NFsnXeDBumqiu4HmY1RIg=",
        "owner": "nix-community",
        "repo": "home-manager",
        "rev": "7aae0ee71a17b19708b93b3ed448a1a0952bf111",
        "type": "github"
      },
      "original": {
        "owner": "nix-community",
        "ref": "release-25.05",
        "repo": "home-manager",
        "type": "github"
      }
    },
    "nix-darwin": {
      "inputs": {
        "nixpkgs": [
          "nixpkgs"
        ]
      },
      "locked": {
        "lastModified": 1748044287,
        "narHash": "sha256-9bJzyUX5+HXYmI60WMGYXXDdhGbSh1Le6yBM4og3K7E=",
        "owner": "LnL7",
        "repo": "nix-darwin",
        "rev": "2456ff5c95edfc3b197cb012b947012faed77591",
        "type": "github"
      },
      "original": {
        "owner": "LnL7",
        "ref": "nix-darwin-25.05",
        "repo": "nix-darwin",
        "type": "github"
      }
    },
    "nix-secrets": {
      "flake": false,
      "locked": {
        "lastModified": 1747231484,
        "narHash": "sha256-ggKxoGkry1HeA94wmmTJK29fRLavAqtx3v8ZPIXRXQg=",
        "ref": "main",
        "rev": "e65bd33e8299727256a6fe9b79664bee6853ead1",
        "revCount": 9,
        "type": "git",
        "url": "ssh://git@github.com/jedesroches/nix-secrets.git"
      },
      "original": {
        "ref": "main",
        "type": "git",
        "url": "ssh://git@github.com/jedesroches/nix-secrets.git"
      }
    },
    "nixpkgs": {
      "locked": {
        "lastModified": 1748192983,
        "narHash": "sha256-FpKC8sZCzNoeCtHJmYiqafYt5A1JzQ44opT46M/qe4I=",
        "owner": "NixOS",
        "repo": "nixpkgs",
        "rev": "b26c8c4da0fe0b4e496f2a432140795dabe2c8e2",
        "type": "github"
      },
      "original": {
        "owner": "NixOS",
        "ref": "nixpkgs-25.05-darwin",
        "repo": "nixpkgs",
        "type": "github"
      }
    },
    "nixpkgs-unstable": {
      "locked": {
        "lastModified": 1746795403,
        "narHash": "sha256-pDTea0crWA7NR4TeHfa+SX+U2ARM8BiI5vMf3Xvjrkk=",
        "owner": "NixOS",
        "repo": "nixpkgs",
        "rev": "3bcad8df94b009e6172fb5ffff765b0fd99b1b4f",
        "type": "github"
      },
      "original": {
        "owner": "NixOS",
        "ref": "master",
        "repo": "nixpkgs",
        "type": "github"
      }
    },
    "root": {
      "inputs": {
        "flake-utils": "flake-utils",
        "home-manager": "home-manager",
        "nix-darwin": "nix-darwin",
        "nix-secrets": "nix-secrets",
        "nixpkgs": "nixpkgs",
        "nixpkgs-unstable": "nixpkgs-unstable",
        "sops-nix": "sops-nix",
        "starship-jj": "starship-jj",
        "systems": "systems"
      }
    },
    "rust-analyzer-src": {
      "flake": false,
      "locked": {
        "lastModified": 1744812517,
        "narHash": "sha256-tCenoSBFqc7jIzUKV/lEj8MCG01+7RHB3osHMJyUTx0=",
        "owner": "rust-lang",
        "repo": "rust-analyzer",
        "rev": "0a8f808ebc2a4539d1c0f5d9155a47dfca2f40f4",
        "type": "github"
      },
      "original": {
        "owner": "rust-lang",
        "ref": "nightly",
        "repo": "rust-analyzer",
        "type": "github"
      }
    },
    "sops-nix": {
      "inputs": {
        "nixpkgs": [
          "nixpkgs"
        ]
      },
      "locked": {
        "lastModified": 1746485181,
        "narHash": "sha256-PxrrSFLaC7YuItShxmYbMgSuFFuwxBB+qsl9BZUnRvg=",
        "owner": "Mic92",
        "repo": "sops-nix",
        "rev": "e93ee1d900ad264d65e9701a5c6f895683433386",
        "type": "github"
      },
      "original": {
        "owner": "Mic92",
        "repo": "sops-nix",
        "type": "github"
      }
    },
    "starship-jj": {
      "inputs": {
        "fenix": "fenix",
        "flake-utils": "flake-utils_2",
        "nixpkgs": [
          "nixpkgs"
        ],
        "systems": [
          "systems"
        ]
      },
      "locked": {
        "lastModified": 1744895256,
        "narHash": "sha256-3xrUnXnN2bXWA9LFrYOG11NjuUMHGFUAkX+DnrBQwzY=",
        "rev": "d82dea3c0cc94141e733b6d36d95812190694666",
        "revCount": 51,
        "type": "git",
        "url": "file:///Users/jde/Documents/starship-jj"
      },
      "original": {
        "type": "git",
        "url": "file:///Users/jde/Documents/starship-jj"
      }
    },
    "systems": {
      "flake": false,
      "locked": {
        "path": "./flake-systems.nix",
        "type": "path"
      },
      "original": {
        "path": "./flake-systems.nix",
        "type": "path"
      },
      "parent": []
    }
  },
  "root": "root",
  "version": 7
}
