{
  "nodes": {
    "fenix": {
      "inputs": {
        "nixpkgs": [
          "starship-jj",
          "nixpkgs"
        ],
        "rust-analyzer-src": "rust-analyzer-src"
      },
      "locked": {
        "lastModified": 1744871941,
        "narHash": "sha256-IXnzOfow1I8S3X+TPU5pbZdWyCuHS9ANzmMfo9ogfWw=",
        "owner": "nix-community",
        "repo": "fenix",
        "rev": "7940f7a2f8b413b5c0fd56be7836f6cefd7391f2",
        "type": "github"
      },
      "original": {
        "owner": "nix-community",
        "repo": "fenix",
        "type": "github"
      }
    },
    "flake-utils": {
      "inputs": {
        "systems": [
          "systems"
        ]
      },
      "locked": {
        "lastModified": 1731533236,
        "narHash": "sha256-l0KFg5HjrsfsO/JpG+r7fRrqm12kzFHyUHqHCVpMMbI=",
        "owner": "numtide",
        "repo": "flake-utils",
        "rev": "11707dc2f618dd54ca8739b309ec4fc024de578b",
        "type": "github"
      },
      "original": {
        "owner": "numtide",
        "repo": "flake-utils",
        "type": "github"
      }
    },
    "flake-utils_2": {
      "inputs": {
        "systems": [
          "starship-jj",
          "systems"
        ]
      },
      "locked": {
        "lastModified": 1731533236,
        "narHash": "sha256-l0KFg5HjrsfsO/JpG+r7fRrqm12kzFHyUHqHCVpMMbI=",
        "owner": "numtide",
        "repo": "flake-utils",
        "rev": "11707dc2f618dd54ca8739b309ec4fc024de578b",
        "type": "github"
      },
      "original": {
        "owner": "numtide",
        "repo": "flake-utils",
        "type": "github"
      }
    },
    "home-manager": {
      "inputs": {
        "nixpkgs": [
          "nixpkgs"
        ]
      },
      "locked": {
        "lastModified": 1746171682,
        "narHash": "sha256-EyXUNSa+H+YvGVuQJP1nZskXAowxKYp79RNUsNdQTj4=",
        "owner": "nix-community",
        "repo": "home-manager",
        "rev": "50eee705bbdbac942074a8c120e8194185633675",
        "type": "github"
      },
      "original": {
        "owner": "nix-community",
        "ref": "release-24.11",
        "repo": "home-manager",
        "type": "github"
      }
    },
    "nix-darwin": {
      "inputs": {
        "nixpkgs": [
          "nixpkgs"
        ]
      },
      "locked": {
        "lastModified": 1743127615,
        "narHash": "sha256-+sMGqywrSr50BGMLMeY789mSrzjkoxZiu61eWjYS/8o=",
        "owner": "LnL7",
        "repo": "nix-darwin",
        "rev": "fc843893cecc1838a59713ee3e50e9e7edc6207c",
        "type": "github"
      },
      "original": {
        "owner": "LnL7",
        "ref": "nix-darwin-24.11",
        "repo": "nix-darwin",
        "type": "github"
      }
    },
    "nix-secrets": {
      "flake": false,
      "locked": {
        "lastModified": 1744814644,
        "narHash": "sha256-EQsdICQMgECIiilA1m/HmqgqwdblPNDOvEiJyun4RNs=",
        "ref": "main",
        "rev": "83b0ca1e5e39132dd7f8aefa8e8b484abd894ed2",
        "revCount": 7,
        "type": "git",
        "url": "ssh://git@github.com/jedesroches/nix-secrets.git"
      },
      "original": {
        "ref": "main",
        "type": "git",
        "url": "ssh://git@github.com/jedesroches/nix-secrets.git"
      }
    },
    "nixpkgs": {
      "locked": {
        "lastModified": 1746566971,
        "narHash": "sha256-I40weT0FZWth1IEjgR5a0zC9LLyrPwTC0DAQcejtTJE=",
        "owner": "NixOS",
        "repo": "nixpkgs",
        "rev": "209c5b3b0f5cf5b5a7e12ddea59bf19699f97e75",
        "type": "github"
      },
      "original": {
        "owner": "NixOS",
        "ref": "nixpkgs-24.11-darwin",
        "repo": "nixpkgs",
        "type": "github"
      }
    },
    "nixpkgs-unstable": {
      "locked": {
        "lastModified": 1746795403,
        "narHash": "sha256-pDTea0crWA7NR4TeHfa+SX+U2ARM8BiI5vMf3Xvjrkk=",
        "owner": "NixOS",
        "repo": "nixpkgs",
        "rev": "3bcad8df94b009e6172fb5ffff765b0fd99b1b4f",
        "type": "github"
      },
      "original": {
        "owner": "NixOS",
        "ref": "master",
        "repo": "nixpkgs",
        "type": "github"
      }
    },
    "root": {
      "inputs": {
        "flake-utils": "flake-utils",
        "home-manager": "home-manager",
        "nix-darwin": "nix-darwin",
        "nix-secrets": "nix-secrets",
        "nixpkgs": "nixpkgs",
        "nixpkgs-unstable": "nixpkgs-unstable",
        "sops-nix": "sops-nix",
        "starship-jj": "starship-jj",
        "systems": "systems"
      }
    },
    "rust-analyzer-src": {
      "flake": false,
      "locked": {
        "lastModified": 1744812517,
        "narHash": "sha256-tCenoSBFqc7jIzUKV/lEj8MCG01+7RHB3osHMJyUTx0=",
        "owner": "rust-lang",
        "repo": "rust-analyzer",
        "rev": "0a8f808ebc2a4539d1c0f5d9155a47dfca2f40f4",
        "type": "github"
      },
      "original": {
        "owner": "rust-lang",
        "ref": "nightly",
        "repo": "rust-analyzer",
        "type": "github"
      }
    },
    "sops-nix": {
      "inputs": {
        "nixpkgs": [
          "nixpkgs"
        ]
      },
      "locked": {
        "lastModified": 1746485181,
        "narHash": "sha256-PxrrSFLaC7YuItShxmYbMgSuFFuwxBB+qsl9BZUnRvg=",
        "owner": "Mic92",
        "repo": "sops-nix",
        "rev": "e93ee1d900ad264d65e9701a5c6f895683433386",
        "type": "github"
      },
      "original": {
        "owner": "Mic92",
        "repo": "sops-nix",
        "type": "github"
      }
    },
    "starship-jj": {
      "inputs": {
        "fenix": "fenix",
        "flake-utils": "flake-utils_2",
        "nixpkgs": [
          "nixpkgs-unstable"
        ],
        "systems": [
          "systems"
        ]
      },
      "locked": {
        "lastModified": 1744895256,
        "narHash": "sha256-3xrUnXnN2bXWA9LFrYOG11NjuUMHGFUAkX+DnrBQwzY=",
        "rev": "d82dea3c0cc94141e733b6d36d95812190694666",
        "revCount": 51,
        "type": "git",
        "url": "file:///Users/jde/Documents/starship-jj"
      },
      "original": {
        "type": "git",
        "url": "file:///Users/jde/Documents/starship-jj"
      }
    },
    "systems": {
      "flake": false,
      "locked": {
        "lastModified": 1,
        "narHash": "sha256-SfMoEAAWOB+ncKKpEauZuwJs6hqd0bleFFl6wunta6k=",
        "path": "./flake-systems.nix",
        "type": "path"
      },
      "original": {
        "path": "./flake-systems.nix",
        "type": "path"
      }
    }
  },
  "root": "root",
  "version": 7
}
